
Microsoft Visual Studio Solution File, Format Version 12.00
# Visual Studio Version 17
VisualStudioVersion = 17.3.32811.315
MinimumVisualStudioVersion = 10.0.40219.1
Project("{8BC9CEB8-8B4A-11D0-8D11-00A0C91BC942}") = "Console", "Console\Console.vcxproj", "{D5C7954F-A7B1-4806-855D-6EE2B1D4AAD3}"
	ProjectSection(ProjectDependencies) = postProject
		{022DA256-664D-42FE-96C1-ADA8EE3CAC81} = {022DA256-664D-42FE-96C1-ADA8EE3CAC81}
	EndProjectSection
EndProject
Project("{8BC9CEB8-8B4A-11D0-8D11-00A0C91BC942}") = "Library", "Library\Library.vcxproj", "{022DA256-664D-42FE-96C1-ADA8EE3CAC81}"
EndProject
Global
	GlobalSection(SolutionConfigurationPlatforms) = preSolution
		Debug|x64 = Debug|x64
		Debug|x86 = Debug|x86
		Release|x64 = Release|x64
		Release|x86 = Release|x86
	EndGlobalSection
	GlobalSection(ProjectConfigurationPlatforms) = postSolution
		{D5C7954F-A7B1-4806-855D-6EE2B1D4AAD3}.Debug|x64.ActiveCfg = Debug|x64
		{D5C7954F-A7B1-4806-855D-6EE2B1D4AAD3}.Debug|x64.Build.0 = Debug|x64
		{D5C7954F-A7B1-4806-855D-6EE2B1D4AAD3}.Debug|x86.ActiveCfg = Debug|Win32
		{D5C7954F-A7B1-4806-855D-6EE2B1D4AAD3}.Debug|x86.Build.0 = Debug|Win32
		{D5C7954F-A7B1-4806-855D-6EE2B1D4AAD3}.Release|x64.ActiveCfg = Release|x64
		{D5C7954F-A7B1-4806-855D-6EE2B1D4AAD3}.Release|x64.Build.0 = Release|x64
		{D5C7954F-A7B1-4806-855D-6EE2B1D4AAD3}.Release|x86.ActiveCfg = Release|Win32
		{D5C7954F-A7B1-4806-855D-6EE2B1D4AAD3}.Release|x86.Build.0 = Release|Win32
		{022DA256-664D-42FE-96C1-ADA8EE3CAC81}.Debug|x64.ActiveCfg = Debug|x64
		{022DA256-664D-42FE-96C1-ADA8EE3CAC81}.Debug|x64.Build.0 = Debug|x64
		{022DA256-664D-42FE-96C1-ADA8EE3CAC81}.Debug|x86.ActiveCfg = Debug|Win32
		{022DA256-664D-42FE-96C1-ADA8EE3CAC81}.Debug|x86.Build.0 = Debug|Win32
		{022DA256-664D-42FE-96C1-ADA8EE3CAC81}.Release|x64.ActiveCfg = Release|x64
		{022DA256-664D-42FE-96C1-ADA8EE3CAC81}.Release|x64.Build.0 = Release|x64
		{022DA256-664D-42FE-96C1-ADA8EE3CAC81}.Release|x86.ActiveCfg = Release|Win32
		{022DA256-664D-42FE-96C1-ADA8EE3CAC81}.Release|x86.Build.0 = Release|Win32
	EndGlobalSection
	GlobalSection(SolutionProperties) = preSolution
		HideSolutionNode = FALSE
	EndGlobalSection
	GlobalSection(ExtensibilityGlobals) = postSolution
		SolutionGuid = {85146CB1-E878-4A23-B05B-1E55CABFC684}
	EndGlobalSection
EndGlobal
