
Microsoft Visual Studio Solution File, Format Version 12.00
# Visual Studio Version 17
VisualStudioVersion = 17.14.36603.0
MinimumVisualStudioVersion = 10.0.40219.1
Project("{8BC9CEB8-8B4A-11D0-8D11-00A0C91BC942}") = "Console", "Console\Console.vcxproj", "{91B8CCE1-6F06-4EE6-B632-A493CADDFEE1}"
	ProjectSection(ProjectDependencies) = postProject
		{AA4EB302-9368-4481-A431-D0E63239D618} = {AA4EB302-9368-4481-A431-D0E63239D618}
	EndProjectSection
EndProject
Project("{8BC9CEB8-8B4A-11D0-8D11-00A0C91BC942}") = "Library", "Library\Library.vcxproj", "{AA4EB302-9368-4481-A431-D0E63239D618}"
EndProject
Global
	GlobalSection(SolutionConfigurationPlatforms) = preSolution
		Debug|x64 = Debug|x64
		Debug|x86 = Debug|x86
		Release|x64 = Release|x64
		Release|x86 = Release|x86
	EndGlobalSection
	GlobalSection(ProjectConfigurationPlatforms) = postSolution
		{91B8CCE1-6F06-4EE6-B632-A493CADDFEE1}.Debug|x64.ActiveCfg = Debug|x64
		{91B8CCE1-6F06-4EE6-B632-A493CADDFEE1}.Debug|x64.Build.0 = Debug|x64
		{91B8CCE1-6F06-4EE6-B632-A493CADDFEE1}.Debug|x86.ActiveCfg = Debug|Win32
		{91B8CCE1-6F06-4EE6-B632-A493CADDFEE1}.Debug|x86.Build.0 = Debug|Win32
		{91B8CCE1-6F06-4EE6-B632-A493CADDFEE1}.Release|x64.ActiveCfg = Release|x64
		{91B8CCE1-6F06-4EE6-B632-A493CADDFEE1}.Release|x64.Build.0 = Release|x64
		{91B8CCE1-6F06-4EE6-B632-A493CADDFEE1}.Release|x86.ActiveCfg = Release|Win32
		{91B8CCE1-6F06-4EE6-B632-A493CADDFEE1}.Release|x86.Build.0 = Release|Win32
		{AA4EB302-9368-4481-A431-D0E63239D618}.Debug|x64.ActiveCfg = Release|x64
		{AA4EB302-9368-4481-A431-D0E63239D618}.Debug|x64.Build.0 = Release|x64
		{AA4EB302-9368-4481-A431-D0E63239D618}.Debug|x86.ActiveCfg = Release|Win32
		{AA4EB302-9368-4481-A431-D0E63239D618}.Debug|x86.Build.0 = Release|Win32
		{AA4EB302-9368-4481-A431-D0E63239D618}.Release|x64.ActiveCfg = Release|x64
		{AA4EB302-9368-4481-A431-D0E63239D618}.Release|x64.Build.0 = Release|x64
		{AA4EB302-9368-4481-A431-D0E63239D618}.Release|x86.ActiveCfg = Release|Win32
		{AA4EB302-9368-4481-A431-D0E63239D618}.Release|x86.Build.0 = Release|Win32
	EndGlobalSection
	GlobalSection(SolutionProperties) = preSolution
		HideSolutionNode = FALSE
	EndGlobalSection
	GlobalSection(ExtensibilityGlobals) = postSolution
		SolutionGuid = {73A66007-E179-4665-A355-5177725A7549}
	EndGlobalSection
EndGlobal
